// !$*UTF8*$!
{
	archiveVersion = 1;
	classes = {
	};
	objectVersion = 77;
	objects = {

/* Begin PBXBuildFile section */
		0C71CE4FFC6FC8B69091148F /* BeatOffsetRefinementTests.swift in Sources */ = {isa = PBXBuildFile; fileRef = 59566DD1281A6A5388981901 /* BeatOffsetRefinementTests.swift */; };
		1FC0B40538CED2135469F8F1 /* AppleMusicStreamingPlaylistView.swift in Sources */ = {isa = PBXBuildFile; fileRef = 2FD67A0D7A9C5D21076F19E2 /* AppleMusicStreamingPlaylistView.swift */; };
		26BFD0B1BA71B630A502CF5C /* MusicLibraryService.swift in Sources */ = {isa = PBXBuildFile; fileRef = F671D48A837690377CB1AAE6 /* MusicLibraryService.swift */; };
		280672925F91AF86472020BF /* PlaybackModelsTests.swift in Sources */ = {isa = PBXBuildFile; fileRef = 680E79CF3B1AD3017D67D89F /* PlaybackModelsTests.swift */; };
		425E14DBF13E0A27BA524F19 /* LatencyCompensatorTests.swift in Sources */ = {isa = PBXBuildFile; fileRef = 6F853D95CFFC426A592D8152 /* LatencyCompensatorTests.swift */; };
		5AF06C82DDB469D193EBFC93 /* AudioManager.swift in Sources */ = {isa = PBXBuildFile; fileRef = D32E8307CA39DD324E6A03F0 /* AudioManager.swift */; };
		5FA58B30E3AE018498FEC51A /* AppleMusicStreamingController.swift in Sources */ = {isa = PBXBuildFile; fileRef = 7BF697DFE37A6CBC6011408E /* AppleMusicStreamingController.swift */; };
		773C08FB89A01AA0AE2D0A7F /* QueueItemTests.swift in Sources */ = {isa = PBXBuildFile; fileRef = 5DC304C833D5742B8B1CCF5A /* QueueItemTests.swift */; };
		78B5299BB1431DCD8C201587 /* CadenzaApp.swift in Sources */ = {isa = PBXBuildFile; fileRef = 602E2FD6EF6C08938CEAD6E7 /* CadenzaApp.swift */; };
		799739F1F33E39D022002646 /* AppleMusicLibraryView.swift in Sources */ = {isa = PBXBuildFile; fileRef = 8FAA9392A307FEA406DB5B74 /* AppleMusicLibraryView.swift */; };
		7AAC3F44673E680ECA0C6C6C /* AssetResolver.swift in Sources */ = {isa = PBXBuildFile; fileRef = 0BAF3FB994C0A6FFC4979F4A /* AssetResolver.swift */; };
		7CCD087ADED37595EFD55A1F /* BPMDisplayView.swift in Sources */ = {isa = PBXBuildFile; fileRef = 4A32BA6C28AA9E1B8BC3FAA5 /* BPMDisplayView.swift */; };
		86AAF69FD7B962CF96BF8C1C /* LatencyCompensator.swift in Sources */ = {isa = PBXBuildFile; fileRef = B93EE30A19AD3E40B7C02757 /* LatencyCompensator.swift */; };
		86B687DCC76FF165FAEEB574 /* Constants.swift in Sources */ = {isa = PBXBuildFile; fileRef = 3F8FFC774733449AD9A28B63 /* Constants.swift */; };
		9671FC8640EF94F79471A100 /* AppleMusicStreamingSearchView.swift in Sources */ = {isa = PBXBuildFile; fileRef = 92F95249D0AD96D91DF31B11 /* AppleMusicStreamingSearchView.swift */; };
		A1CEE6EDDFFACD3FF40F049B /* PlaybackEndBehavior.swift in Sources */ = {isa = PBXBuildFile; fileRef = AB5B823C16B85063744991B7 /* PlaybackEndBehavior.swift */; };
		AA033344FA53209F330FD8BA /* BPMMetadataReader.swift in Sources */ = {isa = PBXBuildFile; fileRef = 684A6C9309C9F2DD7C4C3431 /* BPMMetadataReader.swift */; };
		AB7996DD3509B5AD3E4B041B /* PlayerView.swift in Sources */ = {isa = PBXBuildFile; fileRef = 498EA72F6CA1930D69CB9A0B /* PlayerView.swift */; };
		AF592E8D64596D612783ABBD /* NowPlayingInfo.swift in Sources */ = {isa = PBXBuildFile; fileRef = B066DF4A31066DC1B6AD6C18 /* NowPlayingInfo.swift */; };
		AF5984DFCAB613D905AC84F4 /* PlaybackModels.swift in Sources */ = {isa = PBXBuildFile; fileRef = 7AA0A59597F3F64824A928D2 /* PlaybackModels.swift */; };
		B99DA34191CBFF4CD2653502 /* Kickdrum Rocket-2.mp3 in Resources */ = {isa = PBXBuildFile; fileRef = F452E50B7BFCBE01310EAC6F /* Kickdrum Rocket-2.mp3 */; };
		DC62EA8D2AB4222F5B244C3B /* QueueItem.swift in Sources */ = {isa = PBXBuildFile; fileRef = AC55B62D7D30E7543446A624 /* QueueItem.swift */; };
		E5852286B1AAFBCAC44835DC /* AppleMusicTrack.swift in Sources */ = {isa = PBXBuildFile; fileRef = FCCBFC7FE45602B89F9444C0 /* AppleMusicTrack.swift */; };
		F2476646CB5CB1D1DFBFE199 /* BeatAlignmentAnalyzer.swift in Sources */ = {isa = PBXBuildFile; fileRef = B26296E21E36AC34841A5D37 /* BeatAlignmentAnalyzer.swift */; };
		F5EF0F1D6459904DEDCE405D /* AudioManagerGenerationTests.swift in Sources */ = {isa = PBXBuildFile; fileRef = C8162D5FCED9335BA2D295D7 /* AudioManagerGenerationTests.swift */; };
		F9FD6E7EB5DD54DBD0633B67 /* NowPlayingInfoTests.swift in Sources */ = {isa = PBXBuildFile; fileRef = 997835964EA4195CD8E9EC1A /* NowPlayingInfoTests.swift */; };
		FF5D37C411CB473DD5D84C27 /* BPMSliderView.swift in Sources */ = {isa = PBXBuildFile; fileRef = 81D771D8AD1AF9544E918BE0 /* BPMSliderView.swift */; };
/* End PBXBuildFile section */

/* Begin PBXContainerItemProxy section */
		530AF5D7CDD499B0635FE0D0 /* PBXContainerItemProxy */ = {
			isa = PBXContainerItemProxy;
			containerPortal = D1AE8EC53EC28557F8771111 /* Project object */;
			proxyType = 1;
			remoteGlobalIDString = E105858D0D4F4616F76B78CC;
			remoteInfo = Cadenza;
		};
/* End PBXContainerItemProxy section */

/* Begin PBXFileReference section */
		0BAF3FB994C0A6FFC4979F4A /* AssetResolver.swift */ = {isa = PBXFileReference; lastKnownFileType = sourcecode.swift; path = AssetResolver.swift; sourceTree = "<group>"; };
		2FD67A0D7A9C5D21076F19E2 /* AppleMusicStreamingPlaylistView.swift */ = {isa = PBXFileReference; lastKnownFileType = sourcecode.swift; path = AppleMusicStreamingPlaylistView.swift; sourceTree = "<group>"; };
		3F8FFC774733449AD9A28B63 /* Constants.swift */ = {isa = PBXFileReference; lastKnownFileType = sourcecode.swift; path = Constants.swift; sourceTree = "<group>"; };
		498EA72F6CA1930D69CB9A0B /* PlayerView.swift */ = {isa = PBXFileReference; lastKnownFileType = sourcecode.swift; path = PlayerView.swift; sourceTree = "<group>"; };
		4A32BA6C28AA9E1B8BC3FAA5 /* BPMDisplayView.swift */ = {isa = PBXFileReference; lastKnownFileType = sourcecode.swift; path = BPMDisplayView.swift; sourceTree = "<group>"; };
		59566DD1281A6A5388981901 /* BeatOffsetRefinementTests.swift */ = {isa = PBXFileReference; lastKnownFileType = sourcecode.swift; path = BeatOffsetRefinementTests.swift; sourceTree = "<group>"; };
		5DC304C833D5742B8B1CCF5A /* QueueItemTests.swift */ = {isa = PBXFileReference; lastKnownFileType = sourcecode.swift; path = QueueItemTests.swift; sourceTree = "<group>"; };
		602E2FD6EF6C08938CEAD6E7 /* CadenzaApp.swift */ = {isa = PBXFileReference; lastKnownFileType = sourcecode.swift; path = CadenzaApp.swift; sourceTree = "<group>"; };
		680E79CF3B1AD3017D67D89F /* PlaybackModelsTests.swift */ = {isa = PBXFileReference; lastKnownFileType = sourcecode.swift; path = PlaybackModelsTests.swift; sourceTree = "<group>"; };
		684A6C9309C9F2DD7C4C3431 /* BPMMetadataReader.swift */ = {isa = PBXFileReference; lastKnownFileType = sourcecode.swift; path = BPMMetadataReader.swift; sourceTree = "<group>"; };
		6F853D95CFFC426A592D8152 /* LatencyCompensatorTests.swift */ = {isa = PBXFileReference; lastKnownFileType = sourcecode.swift; path = LatencyCompensatorTests.swift; sourceTree = "<group>"; };
		7AA0A59597F3F64824A928D2 /* PlaybackModels.swift */ = {isa = PBXFileReference; lastKnownFileType = sourcecode.swift; path = PlaybackModels.swift; sourceTree = "<group>"; };
		7BF697DFE37A6CBC6011408E /* AppleMusicStreamingController.swift */ = {isa = PBXFileReference; lastKnownFileType = sourcecode.swift; path = AppleMusicStreamingController.swift; sourceTree = "<group>"; };
		81D771D8AD1AF9544E918BE0 /* BPMSliderView.swift */ = {isa = PBXFileReference; lastKnownFileType = sourcecode.swift; path = BPMSliderView.swift; sourceTree = "<group>"; };
		8FAA9392A307FEA406DB5B74 /* AppleMusicLibraryView.swift */ = {isa = PBXFileReference; lastKnownFileType = sourcecode.swift; path = AppleMusicLibraryView.swift; sourceTree = "<group>"; };
		92F95249D0AD96D91DF31B11 /* AppleMusicStreamingSearchView.swift */ = {isa = PBXFileReference; lastKnownFileType = sourcecode.swift; path = AppleMusicStreamingSearchView.swift; sourceTree = "<group>"; };
		997835964EA4195CD8E9EC1A /* NowPlayingInfoTests.swift */ = {isa = PBXFileReference; lastKnownFileType = sourcecode.swift; path = NowPlayingInfoTests.swift; sourceTree = "<group>"; };
		9F48386185F7E37392C33B0A /* CadenzaTests.xctest */ = {isa = PBXFileReference; includeInIndex = 0; lastKnownFileType = wrapper.cfbundle; path = CadenzaTests.xctest; sourceTree = BUILT_PRODUCTS_DIR; };
		AB5B823C16B85063744991B7 /* PlaybackEndBehavior.swift */ = {isa = PBXFileReference; lastKnownFileType = sourcecode.swift; path = PlaybackEndBehavior.swift; sourceTree = "<group>"; };
		AC55B62D7D30E7543446A624 /* QueueItem.swift */ = {isa = PBXFileReference; lastKnownFileType = sourcecode.swift; path = QueueItem.swift; sourceTree = "<group>"; };
		B066DF4A31066DC1B6AD6C18 /* NowPlayingInfo.swift */ = {isa = PBXFileReference; lastKnownFileType = sourcecode.swift; path = NowPlayingInfo.swift; sourceTree = "<group>"; };
		B26296E21E36AC34841A5D37 /* BeatAlignmentAnalyzer.swift */ = {isa = PBXFileReference; lastKnownFileType = sourcecode.swift; path = BeatAlignmentAnalyzer.swift; sourceTree = "<group>"; };
		B93EE30A19AD3E40B7C02757 /* LatencyCompensator.swift */ = {isa = PBXFileReference; lastKnownFileType = sourcecode.swift; path = LatencyCompensator.swift; sourceTree = "<group>"; };
		C8162D5FCED9335BA2D295D7 /* AudioManagerGenerationTests.swift */ = {isa = PBXFileReference; lastKnownFileType = sourcecode.swift; path = AudioManagerGenerationTests.swift; sourceTree = "<group>"; };
		D32E8307CA39DD324E6A03F0 /* AudioManager.swift */ = {isa = PBXFileReference; lastKnownFileType = sourcecode.swift; path = AudioManager.swift; sourceTree = "<group>"; };
		DDFBE399676A3E84FCF154B9 /* Cadenza.app */ = {isa = PBXFileReference; includeInIndex = 0; lastKnownFileType = wrapper.application; path = Cadenza.app; sourceTree = BUILT_PRODUCTS_DIR; };
		F452E50B7BFCBE01310EAC6F /* Kickdrum Rocket-2.mp3 */ = {isa = PBXFileReference; lastKnownFileType = audio.mp3; path = "Kickdrum Rocket-2.mp3"; sourceTree = "<group>"; };
		F671D48A837690377CB1AAE6 /* MusicLibraryService.swift */ = {isa = PBXFileReference; lastKnownFileType = sourcecode.swift; path = MusicLibraryService.swift; sourceTree = "<group>"; };
		FCCBFC7FE45602B89F9444C0 /* AppleMusicTrack.swift */ = {isa = PBXFileReference; lastKnownFileType = sourcecode.swift; path = AppleMusicTrack.swift; sourceTree = "<group>"; };
/* End PBXFileReference section */

/* Begin PBXGroup section */
		4294F18A6F32FD33C03D2F11 /* Views */ = {
			isa = PBXGroup;
			children = (
				8FAA9392A307FEA406DB5B74 /* AppleMusicLibraryView.swift */,
				2FD67A0D7A9C5D21076F19E2 /* AppleMusicStreamingPlaylistView.swift */,
				92F95249D0AD96D91DF31B11 /* AppleMusicStreamingSearchView.swift */,
				498EA72F6CA1930D69CB9A0B /* PlayerView.swift */,
				FF6634F7FE4E287249122CC8 /* Components */,
			);
			path = Views;
			sourceTree = "<group>";
		};
		47BD6E1E8D941720FAF815FC /* Products */ = {
			isa = PBXGroup;
			children = (
				DDFBE399676A3E84FCF154B9 /* Cadenza.app */,
				9F48386185F7E37392C33B0A /* CadenzaTests.xctest */,
			);
			name = Products;
			sourceTree = "<group>";
		};
		6CC5079B706643F82BA37E7B /* Cadenza */ = {
			isa = PBXGroup;
			children = (
				602E2FD6EF6C08938CEAD6E7 /* CadenzaApp.swift */,
				7BDE00764314B22A084F76FB /* Models */,
				915C908E1661614A51514CAB /* Resources */,
				CB0E96C86B4E1FBFAE5492CC /* Services */,
				D16B9296CD9F48A739F53048 /* Utilities */,
				4294F18A6F32FD33C03D2F11 /* Views */,
			);
			path = Cadenza;
			sourceTree = "<group>";
		};
		7BDE00764314B22A084F76FB /* Models */ = {
			isa = PBXGroup;
			children = (
				FCCBFC7FE45602B89F9444C0 /* AppleMusicTrack.swift */,
				D32E8307CA39DD324E6A03F0 /* AudioManager.swift */,
				B066DF4A31066DC1B6AD6C18 /* NowPlayingInfo.swift */,
				AB5B823C16B85063744991B7 /* PlaybackEndBehavior.swift */,
				AC55B62D7D30E7543446A624 /* QueueItem.swift */,
			);
			path = Models;
			sourceTree = "<group>";
		};
		8BFD63799BE334DED7E543EF = {
			isa = PBXGroup;
			children = (
				6CC5079B706643F82BA37E7B /* Cadenza */,
				97DB336B24E445CCA8E89B06 /* Tests */,
				47BD6E1E8D941720FAF815FC /* Products */,
			);
			sourceTree = "<group>";
		};
		915C908E1661614A51514CAB /* Resources */ = {
			isa = PBXGroup;
			children = (
				F452E50B7BFCBE01310EAC6F /* Kickdrum Rocket-2.mp3 */,
			);
			path = Resources;
			sourceTree = "<group>";
		};
		97DB336B24E445CCA8E89B06 /* Tests */ = {
			isa = PBXGroup;
			children = (
				C8162D5FCED9335BA2D295D7 /* AudioManagerGenerationTests.swift */,
				59566DD1281A6A5388981901 /* BeatOffsetRefinementTests.swift */,
				6F853D95CFFC426A592D8152 /* LatencyCompensatorTests.swift */,
				997835964EA4195CD8E9EC1A /* NowPlayingInfoTests.swift */,
				680E79CF3B1AD3017D67D89F /* PlaybackModelsTests.swift */,
				5DC304C833D5742B8B1CCF5A /* QueueItemTests.swift */,
			);
			path = Tests;
			sourceTree = "<group>";
		};
		CB0E96C86B4E1FBFAE5492CC /* Services */ = {
			isa = PBXGroup;
			children = (
				7BF697DFE37A6CBC6011408E /* AppleMusicStreamingController.swift */,
				0BAF3FB994C0A6FFC4979F4A /* AssetResolver.swift */,
				F671D48A837690377CB1AAE6 /* MusicLibraryService.swift */,
			);
			path = Services;
			sourceTree = "<group>";
		};
		D16B9296CD9F48A739F53048 /* Utilities */ = {
			isa = PBXGroup;
			children = (
				B26296E21E36AC34841A5D37 /* BeatAlignmentAnalyzer.swift */,
				684A6C9309C9F2DD7C4C3431 /* BPMMetadataReader.swift */,
				3F8FFC774733449AD9A28B63 /* Constants.swift */,
				B93EE30A19AD3E40B7C02757 /* LatencyCompensator.swift */,
				7AA0A59597F3F64824A928D2 /* PlaybackModels.swift */,
			);
			path = Utilities;
			sourceTree = "<group>";
		};
		FF6634F7FE4E287249122CC8 /* Components */ = {
			isa = PBXGroup;
			children = (
				4A32BA6C28AA9E1B8BC3FAA5 /* BPMDisplayView.swift */,
				81D771D8AD1AF9544E918BE0 /* BPMSliderView.swift */,
			);
			path = Components;
			sourceTree = "<group>";
		};
/* End PBXGroup section */

/* Begin PBXNativeTarget section */
		A0A055552C269F135507E11B /* CadenzaTests */ = {
			isa = PBXNativeTarget;
			buildConfigurationList = 27A7295BFABAF56CA504C014 /* Build configuration list for PBXNativeTarget "CadenzaTests" */;
			buildPhases = (
				7C8FFF578A5FC908B304F09C /* Sources */,
			);
			buildRules = (
			);
			dependencies = (
				BC8FADC4A59BD94CFDDFB505 /* PBXTargetDependency */,
			);
			name = CadenzaTests;
			packageProductDependencies = (
			);
			productName = CadenzaTests;
			productReference = 9F48386185F7E37392C33B0A /* CadenzaTests.xctest */;
			productType = "com.apple.product-type.bundle.unit-test";
		};
		E105858D0D4F4616F76B78CC /* Cadenza */ = {
			isa = PBXNativeTarget;
			buildConfigurationList = F6790ED2D913E5D732C38092 /* Build configuration list for PBXNativeTarget "Cadenza" */;
			buildPhases = (
				06AC62204230D79917D49F6B /* Sources */,
				E639D2B4933C56CA58892C79 /* Resources */,
			);
			buildRules = (
			);
			dependencies = (
			);
			name = Cadenza;
			packageProductDependencies = (
			);
			productName = Cadenza;
			productReference = DDFBE399676A3E84FCF154B9 /* Cadenza.app */;
			productType = "com.apple.product-type.application";
		};
/* End PBXNativeTarget section */

/* Begin PBXProject section */
		D1AE8EC53EC28557F8771111 /* Project object */ = {
			isa = PBXProject;
			attributes = {
				BuildIndependentTargetsInParallel = YES;
				LastUpgradeCheck = 1600;
				TargetAttributes = {
					E105858D0D4F4616F76B78CC = {
						ProvisioningStyle = Automatic;
					};
				};
			};
			buildConfigurationList = 4657FC78F268FEA51E353563 /* Build configuration list for PBXProject "Cadenza" */;
			developmentRegion = en;
			hasScannedForEncodings = 0;
			knownRegions = (
				Base,
				en,
			);
			mainGroup = 8BFD63799BE334DED7E543EF;
			minimizedProjectReferenceProxies = 1;
			preferredProjectObjectVersion = 77;
			productRefGroup = 47BD6E1E8D941720FAF815FC /* Products */;
			projectDirPath = "";
			projectRoot = "";
			targets = (
				E105858D0D4F4616F76B78CC /* Cadenza */,
				A0A055552C269F135507E11B /* CadenzaTests */,
			);
		};
/* End PBXProject section */

/* Begin PBXResourcesBuildPhase section */
		E639D2B4933C56CA58892C79 /* Resources */ = {
			isa = PBXResourcesBuildPhase;
			buildActionMask = 2147483647;
			files = (
				B99DA34191CBFF4CD2653502 /* Kickdrum Rocket-2.mp3 in Resources */,
			);
			runOnlyForDeploymentPostprocessing = 0;
		};
/* End PBXResourcesBuildPhase section */

/* Begin PBXSourcesBuildPhase section */
		06AC62204230D79917D49F6B /* Sources */ = {
			isa = PBXSourcesBuildPhase;
			buildActionMask = 2147483647;
			files = (
				799739F1F33E39D022002646 /* AppleMusicLibraryView.swift in Sources */,
				5FA58B30E3AE018498FEC51A /* AppleMusicStreamingController.swift in Sources */,
				1FC0B40538CED2135469F8F1 /* AppleMusicStreamingPlaylistView.swift in Sources */,
				9671FC8640EF94F79471A100 /* AppleMusicStreamingSearchView.swift in Sources */,
				E5852286B1AAFBCAC44835DC /* AppleMusicTrack.swift in Sources */,
				7AAC3F44673E680ECA0C6C6C /* AssetResolver.swift in Sources */,
				5AF06C82DDB469D193EBFC93 /* AudioManager.swift in Sources */,
				7CCD087ADED37595EFD55A1F /* BPMDisplayView.swift in Sources */,
				AA033344FA53209F330FD8BA /* BPMMetadataReader.swift in Sources */,
				FF5D37C411CB473DD5D84C27 /* BPMSliderView.swift in Sources */,
				F2476646CB5CB1D1DFBFE199 /* BeatAlignmentAnalyzer.swift in Sources */,
				78B5299BB1431DCD8C201587 /* CadenzaApp.swift in Sources */,
				86B687DCC76FF165FAEEB574 /* Constants.swift in Sources */,
				86AAF69FD7B962CF96BF8C1C /* LatencyCompensator.swift in Sources */,
				26BFD0B1BA71B630A502CF5C /* MusicLibraryService.swift in Sources */,
				AF592E8D64596D612783ABBD /* NowPlayingInfo.swift in Sources */,
				A1CEE6EDDFFACD3FF40F049B /* PlaybackEndBehavior.swift in Sources */,
				AF5984DFCAB613D905AC84F4 /* PlaybackModels.swift in Sources */,
				AB7996DD3509B5AD3E4B041B /* PlayerView.swift in Sources */,
				DC62EA8D2AB4222F5B244C3B /* QueueItem.swift in Sources */,
			);
			runOnlyForDeploymentPostprocessing = 0;
		};
		7C8FFF578A5FC908B304F09C /* Sources */ = {
			isa = PBXSourcesBuildPhase;
			buildActionMask = 2147483647;
			files = (
				F5EF0F1D6459904DEDCE405D /* AudioManagerGenerationTests.swift in Sources */,
				0C71CE4FFC6FC8B69091148F /* BeatOffsetRefinementTests.swift in Sources */,
				425E14DBF13E0A27BA524F19 /* LatencyCompensatorTests.swift in Sources */,
				F9FD6E7EB5DD54DBD0633B67 /* NowPlayingInfoTests.swift in Sources */,
				280672925F91AF86472020BF /* PlaybackModelsTests.swift in Sources */,
				773C08FB89A01AA0AE2D0A7F /* QueueItemTests.swift in Sources */,
			);
			runOnlyForDeploymentPostprocessing = 0;
		};
/* End PBXSourcesBuildPhase section */

/* Begin PBXTargetDependency section */
		BC8FADC4A59BD94CFDDFB505 /* PBXTargetDependency */ = {
			isa = PBXTargetDependency;
			target = E105858D0D4F4616F76B78CC /* Cadenza */;
			targetProxy = 530AF5D7CDD499B0635FE0D0 /* PBXContainerItemProxy */;
		};
/* End PBXTargetDependency section */

/* Begin XCBuildConfiguration section */
		08A77F77DA82968D0106872D /* Debug */ = {
			isa = XCBuildConfiguration;
			buildSettings = {
				BUNDLE_LOADER = "$(TEST_HOST)";
				GENERATE_INFOPLIST_FILE = YES;
				IPHONEOS_DEPLOYMENT_TARGET = 17.0;
				LD_RUNPATH_SEARCH_PATHS = (
					"$(inherited)",
					"@executable_path/Frameworks",
					"@loader_path/Frameworks",
				);
				PRODUCT_BUNDLE_IDENTIFIER = com.jy.cadenzaTests;
				SDKROOT = iphoneos;
				TARGETED_DEVICE_FAMILY = "1,2";
				TEST_HOST = "$(BUILT_PRODUCTS_DIR)/Cadenza.app/Cadenza";
			};
			name = Debug;
		};
		4F7E4FA4242BEAD5026ABB89 /* Release */ = {
			isa = XCBuildConfiguration;
			buildSettings = {
				BUNDLE_LOADER = "$(TEST_HOST)";
				GENERATE_INFOPLIST_FILE = YES;
				IPHONEOS_DEPLOYMENT_TARGET = 17.0;
				LD_RUNPATH_SEARCH_PATHS = (
					"$(inherited)",
					"@executable_path/Frameworks",
					"@loader_path/Frameworks",
				);
				PRODUCT_BUNDLE_IDENTIFIER = com.jy.cadenzaTests;
				SDKROOT = iphoneos;
				TARGETED_DEVICE_FAMILY = "1,2";
				TEST_HOST = "$(BUILT_PRODUCTS_DIR)/Cadenza.app/Cadenza";
			};
			name = Release;
		};
		64ED35CA32E459B9E54E3D84 /* Debug */ = {
			isa = XCBuildConfiguration;
			buildSettings = {
				ASSETCATALOG_COMPILER_APPICON_NAME = AppIcon;
				CODE_SIGN_IDENTITY = "iPhone Developer";
				CODE_SIGN_STYLE = Automatic;
				CURRENT_PROJECT_VERSION = 1;
				GENERATE_INFOPLIST_FILE = YES;
				INFOPLIST_KEY_NSAppleMusicUsageDescription = "메트로놈에 맞춰 Apple Music 보관함 곡과 스트리밍 곡을 선택합니다.";
				INFOPLIST_KEY_UILaunchScreen_Generation = YES;
				INFOPLIST_KEY_UISupportedInterfaceOrientations = UIInterfaceOrientationPortrait;
				LD_RUNPATH_SEARCH_PATHS = (
					"$(inherited)",
					"@executable_path/Frameworks",
				);
				MARKETING_VERSION = 0.1.0;
				PRODUCT_BUNDLE_IDENTIFIER = com.jy.cadenza;
				SDKROOT = iphoneos;
				SUPPORTS_MAC_DESIGNED_FOR_IPHONE_IPAD = NO;
				SWIFT_STRICT_CONCURRENCY = complete;
				TARGETED_DEVICE_FAMILY = "1,2";
			};
			name = Debug;
		};
		6BCDE8368B2F79D16927E890 /* Release */ = {
			isa = XCBuildConfiguration;
			buildSettings = {
				ASSETCATALOG_COMPILER_APPICON_NAME = AppIcon;
				CODE_SIGN_IDENTITY = "iPhone Developer";
				CODE_SIGN_STYLE = Automatic;
				CURRENT_PROJECT_VERSION = 1;
				GENERATE_INFOPLIST_FILE = YES;
				INFOPLIST_KEY_NSAppleMusicUsageDescription = "메트로놈에 맞춰 Apple Music 보관함 곡과 스트리밍 곡을 선택합니다.";
				INFOPLIST_KEY_UILaunchScreen_Generation = YES;
				INFOPLIST_KEY_UISupportedInterfaceOrientations = UIInterfaceOrientationPortrait;
				LD_RUNPATH_SEARCH_PATHS = (
					"$(inherited)",
					"@executable_path/Frameworks",
				);
				MARKETING_VERSION = 0.1.0;
				PRODUCT_BUNDLE_IDENTIFIER = com.jy.cadenza;
				SDKROOT = iphoneos;
				SUPPORTS_MAC_DESIGNED_FOR_IPHONE_IPAD = NO;
				SWIFT_STRICT_CONCURRENCY = complete;
				TARGETED_DEVICE_FAMILY = "1,2";
			};
			name = Release;
		};
		A1E13D07AC9970248FBC4F54 /* Debug */ = {
			isa = XCBuildConfiguration;
			buildSettings = {
				ALWAYS_SEARCH_USER_PATHS = NO;
				CLANG_ANALYZER_NONNULL = YES;
				CLANG_ANALYZER_NUMBER_OBJECT_CONVERSION = YES_AGGRESSIVE;
				CLANG_CXX_LANGUAGE_STANDARD = "gnu++14";
				CLANG_CXX_LIBRARY = "libc++";
				CLANG_ENABLE_MODULES = YES;
				CLANG_ENABLE_OBJC_ARC = YES;
				CLANG_ENABLE_OBJC_WEAK = YES;
				CLANG_WARN_BLOCK_CAPTURE_AUTORELEASING = YES;
				CLANG_WARN_BOOL_CONVERSION = YES;
				CLANG_WARN_COMMA = YES;
				CLANG_WARN_CONSTANT_CONVERSION = YES;
				CLANG_WARN_DEPRECATED_OBJC_IMPLEMENTATIONS = YES;
				CLANG_WARN_DIRECT_OBJC_ISA_USAGE = YES_ERROR;
				CLANG_WARN_DOCUMENTATION_COMMENTS = YES;
				CLANG_WARN_EMPTY_BODY = YES;
				CLANG_WARN_ENUM_CONVERSION = YES;
				CLANG_WARN_INFINITE_RECURSION = YES;
				CLANG_WARN_INT_CONVERSION = YES;
				CLANG_WARN_NON_LITERAL_NULL_CONVERSION = YES;
				CLANG_WARN_OBJC_IMPLICIT_RETAIN_SELF = YES;
				CLANG_WARN_OBJC_LITERAL_CONVERSION = YES;
				CLANG_WARN_OBJC_ROOT_CLASS = YES_ERROR;
				CLANG_WARN_QUOTED_INCLUDE_IN_FRAMEWORK_HEADER = YES;
				CLANG_WARN_RANGE_LOOP_ANALYSIS = YES;
				CLANG_WARN_STRICT_PROTOTYPES = YES;
				CLANG_WARN_SUSPICIOUS_MOVE = YES;
				CLANG_WARN_UNGUARDED_AVAILABILITY = YES_AGGRESSIVE;
				CLANG_WARN_UNREACHABLE_CODE = YES;
				CLANG_WARN__DUPLICATE_METHOD_MATCH = YES;
				COPY_PHASE_STRIP = NO;
				DEBUG_INFORMATION_FORMAT = dwarf;
				ENABLE_STRICT_OBJC_MSGSEND = YES;
				ENABLE_TESTABILITY = YES;
				GCC_C_LANGUAGE_STANDARD = gnu11;
				GCC_DYNAMIC_NO_PIC = NO;
				GCC_NO_COMMON_BLOCKS = YES;
				GCC_OPTIMIZATION_LEVEL = 0;
				GCC_PREPROCESSOR_DEFINITIONS = (
					"$(inherited)",
					"DEBUG=1",
				);
				GCC_WARN_64_TO_32_BIT_CONVERSION = YES;
				GCC_WARN_ABOUT_RETURN_TYPE = YES_ERROR;
				GCC_WARN_UNDECLARED_SELECTOR = YES;
				GCC_WARN_UNINITIALIZED_AUTOS = YES_AGGRESSIVE;
				GCC_WARN_UNUSED_FUNCTION = YES;
				GCC_WARN_UNUSED_VARIABLE = YES;
				IPHONEOS_DEPLOYMENT_TARGET = 17.0;
				MTL_ENABLE_DEBUG_INFO = INCLUDE_SOURCE;
				MTL_FAST_MATH = YES;
				ONLY_ACTIVE_ARCH = YES;
				PRODUCT_NAME = "$(TARGET_NAME)";
				SDKROOT = iphoneos;
				SWIFT_ACTIVE_COMPILATION_CONDITIONS = DEBUG;
				SWIFT_OPTIMIZATION_LEVEL = "-Onone";
				SWIFT_VERSION = 6.0;
				TARGETED_DEVICE_FAMILY = 1;
			};
			name = Debug;
		};
		A4D6FA68988E79D8F0EAFCE7 /* Release */ = {
			isa = XCBuildConfiguration;
			buildSettings = {
				ALWAYS_SEARCH_USER_PATHS = NO;
				CLANG_ANALYZER_NONNULL = YES;
				CLANG_ANALYZER_NUMBER_OBJECT_CONVERSION = YES_AGGRESSIVE;
				CLANG_CXX_LANGUAGE_STANDARD = "gnu++14";
				CLANG_CXX_LIBRARY = "libc++";
				CLANG_ENABLE_MODULES = YES;
				CLANG_ENABLE_OBJC_ARC = YES;
				CLANG_ENABLE_OBJC_WEAK = YES;
				CLANG_WARN_BLOCK_CAPTURE_AUTORELEASING = YES;
				CLANG_WARN_BOOL_CONVERSION = YES;
				CLANG_WARN_COMMA = YES;
				CLANG_WARN_CONSTANT_CONVERSION = YES;
				CLANG_WARN_DEPRECATED_OBJC_IMPLEMENTATIONS = YES;
				CLANG_WARN_DIRECT_OBJC_ISA_USAGE = YES_ERROR;
				CLANG_WARN_DOCUMENTATION_COMMENTS = YES;
				CLANG_WARN_EMPTY_BODY = YES;
				CLANG_WARN_ENUM_CONVERSION = YES;
				CLANG_WARN_INFINITE_RECURSION = YES;
				CLANG_WARN_INT_CONVERSION = YES;
				CLANG_WARN_NON_LITERAL_NULL_CONVERSION = YES;
				CLANG_WARN_OBJC_IMPLICIT_RETAIN_SELF = YES;
				CLANG_WARN_OBJC_LITERAL_CONVERSION = YES;
				CLANG_WARN_OBJC_ROOT_CLASS = YES_ERROR;
				CLANG_WARN_QUOTED_INCLUDE_IN_FRAMEWORK_HEADER = YES;
				CLANG_WARN_RANGE_LOOP_ANALYSIS = YES;
				CLANG_WARN_STRICT_PROTOTYPES = YES;
				CLANG_WARN_SUSPICIOUS_MOVE = YES;
				CLANG_WARN_UNGUARDED_AVAILABILITY = YES_AGGRESSIVE;
				CLANG_WARN_UNREACHABLE_CODE = YES;
				CLANG_WARN__DUPLICATE_METHOD_MATCH = YES;
				COPY_PHASE_STRIP = NO;
				DEBUG_INFORMATION_FORMAT = "dwarf-with-dsym";
				ENABLE_NS_ASSERTIONS = NO;
				ENABLE_STRICT_OBJC_MSGSEND = YES;
				GCC_C_LANGUAGE_STANDARD = gnu11;
				GCC_NO_COMMON_BLOCKS = YES;
				GCC_WARN_64_TO_32_BIT_CONVERSION = YES;
				GCC_WARN_ABOUT_RETURN_TYPE = YES_ERROR;
				GCC_WARN_UNDECLARED_SELECTOR = YES;
				GCC_WARN_UNINITIALIZED_AUTOS = YES_AGGRESSIVE;
				GCC_WARN_UNUSED_FUNCTION = YES;
				GCC_WARN_UNUSED_VARIABLE = YES;
				IPHONEOS_DEPLOYMENT_TARGET = 17.0;
				MTL_ENABLE_DEBUG_INFO = NO;
				MTL_FAST_MATH = YES;
				PRODUCT_NAME = "$(TARGET_NAME)";
				SDKROOT = iphoneos;
				SWIFT_COMPILATION_MODE = wholemodule;
				SWIFT_OPTIMIZATION_LEVEL = "-O";
				SWIFT_VERSION = 6.0;
				TARGETED_DEVICE_FAMILY = 1;
			};
			name = Release;
		};
/* End XCBuildConfiguration section */

/* Begin XCConfigurationList section */
		27A7295BFABAF56CA504C014 /* Build configuration list for PBXNativeTarget "CadenzaTests" */ = {
			isa = XCConfigurationList;
			buildConfigurations = (
				08A77F77DA82968D0106872D /* Debug */,
				4F7E4FA4242BEAD5026ABB89 /* Release */,
			);
			defaultConfigurationIsVisible = 0;
			defaultConfigurationName = Debug;
		};
		4657FC78F268FEA51E353563 /* Build configuration list for PBXProject "Cadenza" */ = {
			isa = XCConfigurationList;
			buildConfigurations = (
				A1E13D07AC9970248FBC4F54 /* Debug */,
				A4D6FA68988E79D8F0EAFCE7 /* Release */,
			);
			defaultConfigurationIsVisible = 0;
			defaultConfigurationName = Debug;
		};
		F6790ED2D913E5D732C38092 /* Build configuration list for PBXNativeTarget "Cadenza" */ = {
			isa = XCConfigurationList;
			buildConfigurations = (
				64ED35CA32E459B9E54E3D84 /* Debug */,
				6BCDE8368B2F79D16927E890 /* Release */,
			);
			defaultConfigurationIsVisible = 0;
			defaultConfigurationName = Debug;
		};
/* End XCConfigurationList section */
	};
	rootObject = D1AE8EC53EC28557F8771111 /* Project object */;
}
